
Microsoft Visual Studio Solution File, Format Version 12.00
# Visual Studio Version 16
VisualStudioVersion = 16.0.31515.178
MinimumVisualStudioVersion = 10.0.40219.1
Project("{9A19103F-16F7-4668-BE54-9A1E7A4F7556}") = "AluraCsharpParte2", "AluraCsharpParte2\AluraCsharpParte2.csproj", "{2A4290E1-5BF6-465C-AFAF-7CC47EC2D4EB}"
EndProject
Project("{9A19103F-16F7-4668-BE54-9A1E7A4F7556}") = "02-MãoNaMassaReferencias", "02-MãoNaMassaReferencias\02-MãoNaMassaReferencias.csproj", "{2C603C93-E5FA-49B1-8045-0DB5A5BED819}"
EndProject
Project("{FAE04EC0-301F-11D3-BF4B-00C04F79EFBC}") = "03-MãoNaMassaCriandoGettersESetters", "03-MãoNaMassaCriandoGettersESetters\03-MãoNaMassaCriandoGettersESetters.csproj", "{099DFF7F-42EA-4886-8A83-A95BAF4430FD}"
EndProject
Project("{FAE04EC0-301F-11D3-BF4B-00C04F79EFBC}") = "04-MaosNaMassaCriandoConstrutoresEmembrosEstaticos", "04-MaosNaMassaCriandoConstrutoresEmembrosEstaticos\04-MaosNaMassaCriandoConstrutoresEmembrosEstaticos.csproj", "{C1915CE6-557D-45E7-8730-F741494B55A2}"
EndProject
Global
	GlobalSection(SolutionConfigurationPlatforms) = preSolution
		Debug|Any CPU = Debug|Any CPU
		Release|Any CPU = Release|Any CPU
	EndGlobalSection
	GlobalSection(ProjectConfigurationPlatforms) = postSolution
		{2A4290E1-5BF6-465C-AFAF-7CC47EC2D4EB}.Debug|Any CPU.ActiveCfg = Debug|Any CPU
		{2A4290E1-5BF6-465C-AFAF-7CC47EC2D4EB}.Debug|Any CPU.Build.0 = Debug|Any CPU
		{2A4290E1-5BF6-465C-AFAF-7CC47EC2D4EB}.Release|Any CPU.ActiveCfg = Release|Any CPU
		{2A4290E1-5BF6-465C-AFAF-7CC47EC2D4EB}.Release|Any CPU.Build.0 = Release|Any CPU
		{2C603C93-E5FA-49B1-8045-0DB5A5BED819}.Debug|Any CPU.ActiveCfg = Debug|Any CPU
		{2C603C93-E5FA-49B1-8045-0DB5A5BED819}.Debug|Any CPU.Build.0 = Debug|Any CPU
		{2C603C93-E5FA-49B1-8045-0DB5A5BED819}.Release|Any CPU.ActiveCfg = Release|Any CPU
		{2C603C93-E5FA-49B1-8045-0DB5A5BED819}.Release|Any CPU.Build.0 = Release|Any CPU
		{099DFF7F-42EA-4886-8A83-A95BAF4430FD}.Debug|Any CPU.ActiveCfg = Debug|Any CPU
		{099DFF7F-42EA-4886-8A83-A95BAF4430FD}.Debug|Any CPU.Build.0 = Debug|Any CPU
		{099DFF7F-42EA-4886-8A83-A95BAF4430FD}.Release|Any CPU.ActiveCfg = Release|Any CPU
		{099DFF7F-42EA-4886-8A83-A95BAF4430FD}.Release|Any CPU.Build.0 = Release|Any CPU
		{C1915CE6-557D-45E7-8730-F741494B55A2}.Debug|Any CPU.ActiveCfg = Debug|Any CPU
		{C1915CE6-557D-45E7-8730-F741494B55A2}.Debug|Any CPU.Build.0 = Debug|Any CPU
		{C1915CE6-557D-45E7-8730-F741494B55A2}.Release|Any CPU.ActiveCfg = Release|Any CPU
		{C1915CE6-557D-45E7-8730-F741494B55A2}.Release|Any CPU.Build.0 = Release|Any CPU
	EndGlobalSection
	GlobalSection(SolutionProperties) = preSolution
		HideSolutionNode = FALSE
	EndGlobalSection
	GlobalSection(ExtensibilityGlobals) = postSolution
		SolutionGuid = {8328172B-EB16-482C-AF32-4155F3F3C4C3}
	EndGlobalSection
EndGlobal
